
Microsoft Visual Studio Solution File, Format Version 12.00
# Visual Studio Version 16
VisualStudioVersion = 16.0.30114.105
MinimumVisualStudioVersion = 10.0.40219.1
Project("{FAE04EC0-301F-11D3-BF4B-00C04F79EFBC}") = "CloudCustomers.Api", "CloudCustomers.Api\CloudCustomers.Api.csproj", "{77F208EF-E3F2-470E-972F-2EC9430FD0A8}"
EndProject
Project("{FAE04EC0-301F-11D3-BF4B-00C04F79EFBC}") = "CloudCustomers.UnitTests", "CloudCustomers.UnitTests\CloudCustomers.UnitTests.csproj", "{26697B26-3B7F-47CC-BCB0-FB450FB6C525}"
EndProject
Global
	GlobalSection(SolutionConfigurationPlatforms) = preSolution
		Debug|Any CPU = Debug|Any CPU
		Release|Any CPU = Release|Any CPU
	EndGlobalSection
	GlobalSection(SolutionProperties) = preSolution
		HideSolutionNode = FALSE
	EndGlobalSection
	GlobalSection(ProjectConfigurationPlatforms) = postSolution
		{77F208EF-E3F2-470E-972F-2EC9430FD0A8}.Debug|Any CPU.ActiveCfg = Debug|Any CPU
		{77F208EF-E3F2-470E-972F-2EC9430FD0A8}.Debug|Any CPU.Build.0 = Debug|Any CPU
		{77F208EF-E3F2-470E-972F-2EC9430FD0A8}.Release|Any CPU.ActiveCfg = Release|Any CPU
		{77F208EF-E3F2-470E-972F-2EC9430FD0A8}.Release|Any CPU.Build.0 = Release|Any CPU
		{26697B26-3B7F-47CC-BCB0-FB450FB6C525}.Debug|Any CPU.ActiveCfg = Debug|Any CPU
		{26697B26-3B7F-47CC-BCB0-FB450FB6C525}.Debug|Any CPU.Build.0 = Debug|Any CPU
		{26697B26-3B7F-47CC-BCB0-FB450FB6C525}.Release|Any CPU.ActiveCfg = Release|Any CPU
		{26697B26-3B7F-47CC-BCB0-FB450FB6C525}.Release|Any CPU.Build.0 = Release|Any CPU
	EndGlobalSection
EndGlobal
